
Microsoft Visual Studio Solution File, Format Version 12.00
# Visual Studio Version 17
VisualStudioVersion = 17.12.35506.116
MinimumVisualStudioVersion = 10.0.40219.1
Project("{F2A71F9B-5D33-465A-A702-920D77279786}") = "AdventOfCode2024.Day1", "AdventOfCode2024.Day1\AdventOfCode2024.Day1.fsproj", "{AA30CA97-04E1-4005-B7B1-E70D43D9C807}"
EndProject
Project("{F2A71F9B-5D33-465A-A702-920D77279786}") = "AdventOfCode2024.Common", "AdventOfCode2024.Common\AdventOfCode2024.Common.fsproj", "{E02D8084-5764-4D59-810E-DE745D9527EC}"
EndProject
Project("{F2A71F9B-5D33-465A-A702-920D77279786}") = "AdventOfCode2015.Day1", "AdventOfCode2015.Day1\AdventOfCode2015.Day1.fsproj", "{D2F100BB-6719-45BE-A784-4275BAE47AB3}"
EndProject
Project("{2150E333-8FDC-42A3-9474-1A3956D46DE8}") = "F#", "F#", "{95E573AE-2256-48EE-9CC5-2ACF0CDD0611}"
EndProject
Project("{2150E333-8FDC-42A3-9474-1A3956D46DE8}") = "C#", "C#", "{014B771A-F2D1-4108-A1CC-3FCD1BDD65EC}"
EndProject
Project("{FAE04EC0-301F-11D3-BF4B-00C04F79EFBC}") = "AdventOfCode2024.Day02", "AdventOfCode2024.Day02\AdventOfCode2024.Day02.csproj", "{B5A1822B-B107-49B6-AB92-4EB231504DDF}"
EndProject
Project("{FAE04EC0-301F-11D3-BF4B-00C04F79EFBC}") = "AdventOfCode2024.Common.CSharp", "AdventOfCode2024.Common.CSharp\AdventOfCode2024.Common.CSharp.csproj", "{D98E9284-ED65-4700-B0A2-769BECBA6F17}"
EndProject
Project("{FAE04EC0-301F-11D3-BF4B-00C04F79EFBC}") = "AdventOFCode2024.Day01.CSharp", "AdventOFCode2024.Day01.CSharp\AdventOFCode2024.Day01.CSharp.csproj", "{8D6ECD21-2BFA-4C81-9A1A-A99CC30609AD}"
EndProject
Project("{FAE04EC0-301F-11D3-BF4B-00C04F79EFBC}") = "AdventOfCode2024.Day03", "AdventOfCode2024.Day03\AdventOfCode2024.Day03.csproj", "{55B8DE01-3CBA-4156-B2FB-94FC2947E02A}"
EndProject
Project("{FAE04EC0-301F-11D3-BF4B-00C04F79EFBC}") = "AdventOfCode2024.Day04", "AdventIfCide2024.Day04\AdventOfCode2024.Day04.csproj", "{41956E77-61C3-4260-B79C-FBB6F840110A}"
EndProject
Project("{FAE04EC0-301F-11D3-BF4B-00C04F79EFBC}") = "AdventOfCode2024.Day05", "AdventOfCode2024.Day05\AdventOfCode2024.Day05.csproj", "{ECE24BBB-108E-4A6E-9974-352E3FCD1405}"
EndProject
Project("{FAE04EC0-301F-11D3-BF4B-00C04F79EFBC}") = "AdventOfCode2024.Day06", "AdventOfCode2024.Day06\AdventOfCode2024.Day06.csproj", "{FF531B83-9231-4D2C-B8D4-95CC99328C2F}"
EndProject
Project("{FAE04EC0-301F-11D3-BF4B-00C04F79EFBC}") = "AdventOfCode2024.Day08", "AdventOfCode2024.Day08\AdventOfCode2024.Day08.csproj", "{69342B73-4C10-45C0-BB9F-374391ACF688}"
EndProject
Project("{FAE04EC0-301F-11D3-BF4B-00C04F79EFBC}") = "AdventOfCode2024.Day07", "AdventOfCode2024.Day07\AdventOfCode2024.Day07.csproj", "{732DD6E1-1862-4689-8D1A-13FB8F8AAD47}"
EndProject
Project("{FAE04EC0-301F-11D3-BF4B-00C04F79EFBC}") = "AdventOfCode2024.Day09", "AdventOfCode2024.Day09\AdventOfCode2024.Day09.csproj", "{523EA548-FB79-4452-A2F4-7F1735DBF618}"
EndProject
Project("{FAE04EC0-301F-11D3-BF4B-00C04F79EFBC}") = "AdventOfCode2024.Day10", "AdventOfCode2024.Day10\AdventOfCode2024.Day10.csproj", "{1F915C2E-BF5A-490E-92E4-145F7FF56D45}"
EndProject
Project("{FAE04EC0-301F-11D3-BF4B-00C04F79EFBC}") = "AdventOfCode2024.Day11", "AdventOfCode2024.Day11\AdventOfCode2024.Day11.csproj", "{C3CB67B6-4891-4CEF-A471-0481E61AB380}"
EndProject
Project("{FAE04EC0-301F-11D3-BF4B-00C04F79EFBC}") = "AdventOfCode2024.Day12", "AdventOfCode2024.Day12\AdventOfCode2024.Day12.csproj", "{93043660-22D3-4824-A41D-E22E778BFCE3}"
EndProject
Project("{FAE04EC0-301F-11D3-BF4B-00C04F79EFBC}") = "AdventOfCode2024.Day13", "AdventOfCode2024.Day13\AdventOfCode2024.Day13.csproj", "{76740207-E7D9-44C9-A2EE-710EDCE62D9C}"
EndProject
Global
	GlobalSection(SolutionConfigurationPlatforms) = preSolution
		Debug|Any CPU = Debug|Any CPU
		Release|Any CPU = Release|Any CPU
	EndGlobalSection
	GlobalSection(ProjectConfigurationPlatforms) = postSolution
		{AA30CA97-04E1-4005-B7B1-E70D43D9C807}.Debug|Any CPU.ActiveCfg = Debug|Any CPU
		{AA30CA97-04E1-4005-B7B1-E70D43D9C807}.Debug|Any CPU.Build.0 = Debug|Any CPU
		{AA30CA97-04E1-4005-B7B1-E70D43D9C807}.Release|Any CPU.ActiveCfg = Release|Any CPU
		{AA30CA97-04E1-4005-B7B1-E70D43D9C807}.Release|Any CPU.Build.0 = Release|Any CPU
		{E02D8084-5764-4D59-810E-DE745D9527EC}.Debug|Any CPU.ActiveCfg = Debug|Any CPU
		{E02D8084-5764-4D59-810E-DE745D9527EC}.Debug|Any CPU.Build.0 = Debug|Any CPU
		{E02D8084-5764-4D59-810E-DE745D9527EC}.Release|Any CPU.ActiveCfg = Release|Any CPU
		{E02D8084-5764-4D59-810E-DE745D9527EC}.Release|Any CPU.Build.0 = Release|Any CPU
		{D2F100BB-6719-45BE-A784-4275BAE47AB3}.Debug|Any CPU.ActiveCfg = Debug|Any CPU
		{D2F100BB-6719-45BE-A784-4275BAE47AB3}.Debug|Any CPU.Build.0 = Debug|Any CPU
		{D2F100BB-6719-45BE-A784-4275BAE47AB3}.Release|Any CPU.ActiveCfg = Release|Any CPU
		{D2F100BB-6719-45BE-A784-4275BAE47AB3}.Release|Any CPU.Build.0 = Release|Any CPU
		{B5A1822B-B107-49B6-AB92-4EB231504DDF}.Debug|Any CPU.ActiveCfg = Debug|Any CPU
		{B5A1822B-B107-49B6-AB92-4EB231504DDF}.Debug|Any CPU.Build.0 = Debug|Any CPU
		{B5A1822B-B107-49B6-AB92-4EB231504DDF}.Release|Any CPU.ActiveCfg = Release|Any CPU
		{B5A1822B-B107-49B6-AB92-4EB231504DDF}.Release|Any CPU.Build.0 = Release|Any CPU
		{D98E9284-ED65-4700-B0A2-769BECBA6F17}.Debug|Any CPU.ActiveCfg = Debug|Any CPU
		{D98E9284-ED65-4700-B0A2-769BECBA6F17}.Debug|Any CPU.Build.0 = Debug|Any CPU
		{D98E9284-ED65-4700-B0A2-769BECBA6F17}.Release|Any CPU.ActiveCfg = Release|Any CPU
		{D98E9284-ED65-4700-B0A2-769BECBA6F17}.Release|Any CPU.Build.0 = Release|Any CPU
		{8D6ECD21-2BFA-4C81-9A1A-A99CC30609AD}.Debug|Any CPU.ActiveCfg = Debug|Any CPU
		{8D6ECD21-2BFA-4C81-9A1A-A99CC30609AD}.Debug|Any CPU.Build.0 = Debug|Any CPU
		{8D6ECD21-2BFA-4C81-9A1A-A99CC30609AD}.Release|Any CPU.ActiveCfg = Release|Any CPU
		{8D6ECD21-2BFA-4C81-9A1A-A99CC30609AD}.Release|Any CPU.Build.0 = Release|Any CPU
		{55B8DE01-3CBA-4156-B2FB-94FC2947E02A}.Debug|Any CPU.ActiveCfg = Debug|Any CPU
		{55B8DE01-3CBA-4156-B2FB-94FC2947E02A}.Debug|Any CPU.Build.0 = Debug|Any CPU
		{55B8DE01-3CBA-4156-B2FB-94FC2947E02A}.Release|Any CPU.ActiveCfg = Release|Any CPU
		{55B8DE01-3CBA-4156-B2FB-94FC2947E02A}.Release|Any CPU.Build.0 = Release|Any CPU
		{41956E77-61C3-4260-B79C-FBB6F840110A}.Debug|Any CPU.ActiveCfg = Debug|Any CPU
		{41956E77-61C3-4260-B79C-FBB6F840110A}.Debug|Any CPU.Build.0 = Debug|Any CPU
		{41956E77-61C3-4260-B79C-FBB6F840110A}.Release|Any CPU.ActiveCfg = Release|Any CPU
		{41956E77-61C3-4260-B79C-FBB6F840110A}.Release|Any CPU.Build.0 = Release|Any CPU
		{ECE24BBB-108E-4A6E-9974-352E3FCD1405}.Debug|Any CPU.ActiveCfg = Debug|Any CPU
		{ECE24BBB-108E-4A6E-9974-352E3FCD1405}.Debug|Any CPU.Build.0 = Debug|Any CPU
		{ECE24BBB-108E-4A6E-9974-352E3FCD1405}.Release|Any CPU.ActiveCfg = Release|Any CPU
		{ECE24BBB-108E-4A6E-9974-352E3FCD1405}.Release|Any CPU.Build.0 = Release|Any CPU
		{FF531B83-9231-4D2C-B8D4-95CC99328C2F}.Debug|Any CPU.ActiveCfg = Debug|Any CPU
		{FF531B83-9231-4D2C-B8D4-95CC99328C2F}.Debug|Any CPU.Build.0 = Debug|Any CPU
		{FF531B83-9231-4D2C-B8D4-95CC99328C2F}.Release|Any CPU.ActiveCfg = Release|Any CPU
		{FF531B83-9231-4D2C-B8D4-95CC99328C2F}.Release|Any CPU.Build.0 = Release|Any CPU
		{69342B73-4C10-45C0-BB9F-374391ACF688}.Debug|Any CPU.ActiveCfg = Debug|Any CPU
		{69342B73-4C10-45C0-BB9F-374391ACF688}.Debug|Any CPU.Build.0 = Debug|Any CPU
		{69342B73-4C10-45C0-BB9F-374391ACF688}.Release|Any CPU.ActiveCfg = Release|Any CPU
		{69342B73-4C10-45C0-BB9F-374391ACF688}.Release|Any CPU.Build.0 = Release|Any CPU
		{732DD6E1-1862-4689-8D1A-13FB8F8AAD47}.Debug|Any CPU.ActiveCfg = Debug|Any CPU
		{732DD6E1-1862-4689-8D1A-13FB8F8AAD47}.Debug|Any CPU.Build.0 = Debug|Any CPU
		{732DD6E1-1862-4689-8D1A-13FB8F8AAD47}.Release|Any CPU.ActiveCfg = Release|Any CPU
		{732DD6E1-1862-4689-8D1A-13FB8F8AAD47}.Release|Any CPU.Build.0 = Release|Any CPU
		{523EA548-FB79-4452-A2F4-7F1735DBF618}.Debug|Any CPU.ActiveCfg = Debug|Any CPU
		{523EA548-FB79-4452-A2F4-7F1735DBF618}.Debug|Any CPU.Build.0 = Debug|Any CPU
		{523EA548-FB79-4452-A2F4-7F1735DBF618}.Release|Any CPU.ActiveCfg = Release|Any CPU
		{523EA548-FB79-4452-A2F4-7F1735DBF618}.Release|Any CPU.Build.0 = Release|Any CPU
		{1F915C2E-BF5A-490E-92E4-145F7FF56D45}.Debug|Any CPU.ActiveCfg = Debug|Any CPU
		{1F915C2E-BF5A-490E-92E4-145F7FF56D45}.Debug|Any CPU.Build.0 = Debug|Any CPU
		{1F915C2E-BF5A-490E-92E4-145F7FF56D45}.Release|Any CPU.ActiveCfg = Release|Any CPU
		{1F915C2E-BF5A-490E-92E4-145F7FF56D45}.Release|Any CPU.Build.0 = Release|Any CPU
		{C3CB67B6-4891-4CEF-A471-0481E61AB380}.Debug|Any CPU.ActiveCfg = Debug|Any CPU
		{C3CB67B6-4891-4CEF-A471-0481E61AB380}.Debug|Any CPU.Build.0 = Debug|Any CPU
		{C3CB67B6-4891-4CEF-A471-0481E61AB380}.Release|Any CPU.ActiveCfg = Release|Any CPU
		{C3CB67B6-4891-4CEF-A471-0481E61AB380}.Release|Any CPU.Build.0 = Release|Any CPU
		{93043660-22D3-4824-A41D-E22E778BFCE3}.Debug|Any CPU.ActiveCfg = Debug|Any CPU
		{93043660-22D3-4824-A41D-E22E778BFCE3}.Debug|Any CPU.Build.0 = Debug|Any CPU
		{93043660-22D3-4824-A41D-E22E778BFCE3}.Release|Any CPU.ActiveCfg = Release|Any CPU
		{93043660-22D3-4824-A41D-E22E778BFCE3}.Release|Any CPU.Build.0 = Release|Any CPU
		{76740207-E7D9-44C9-A2EE-710EDCE62D9C}.Debug|Any CPU.ActiveCfg = Debug|Any CPU
		{76740207-E7D9-44C9-A2EE-710EDCE62D9C}.Debug|Any CPU.Build.0 = Debug|Any CPU
		{76740207-E7D9-44C9-A2EE-710EDCE62D9C}.Release|Any CPU.ActiveCfg = Release|Any CPU
		{76740207-E7D9-44C9-A2EE-710EDCE62D9C}.Release|Any CPU.Build.0 = Release|Any CPU
	EndGlobalSection
	GlobalSection(SolutionProperties) = preSolution
		HideSolutionNode = FALSE
	EndGlobalSection
	GlobalSection(NestedProjects) = preSolution
		{AA30CA97-04E1-4005-B7B1-E70D43D9C807} = {95E573AE-2256-48EE-9CC5-2ACF0CDD0611}
		{E02D8084-5764-4D59-810E-DE745D9527EC} = {95E573AE-2256-48EE-9CC5-2ACF0CDD0611}
		{D2F100BB-6719-45BE-A784-4275BAE47AB3} = {95E573AE-2256-48EE-9CC5-2ACF0CDD0611}
		{B5A1822B-B107-49B6-AB92-4EB231504DDF} = {014B771A-F2D1-4108-A1CC-3FCD1BDD65EC}
		{D98E9284-ED65-4700-B0A2-769BECBA6F17} = {014B771A-F2D1-4108-A1CC-3FCD1BDD65EC}
		{8D6ECD21-2BFA-4C81-9A1A-A99CC30609AD} = {014B771A-F2D1-4108-A1CC-3FCD1BDD65EC}
		{55B8DE01-3CBA-4156-B2FB-94FC2947E02A} = {014B771A-F2D1-4108-A1CC-3FCD1BDD65EC}
		{41956E77-61C3-4260-B79C-FBB6F840110A} = {014B771A-F2D1-4108-A1CC-3FCD1BDD65EC}
		{ECE24BBB-108E-4A6E-9974-352E3FCD1405} = {014B771A-F2D1-4108-A1CC-3FCD1BDD65EC}
		{FF531B83-9231-4D2C-B8D4-95CC99328C2F} = {014B771A-F2D1-4108-A1CC-3FCD1BDD65EC}
		{69342B73-4C10-45C0-BB9F-374391ACF688} = {014B771A-F2D1-4108-A1CC-3FCD1BDD65EC}
		{732DD6E1-1862-4689-8D1A-13FB8F8AAD47} = {014B771A-F2D1-4108-A1CC-3FCD1BDD65EC}
		{523EA548-FB79-4452-A2F4-7F1735DBF618} = {014B771A-F2D1-4108-A1CC-3FCD1BDD65EC}
		{1F915C2E-BF5A-490E-92E4-145F7FF56D45} = {014B771A-F2D1-4108-A1CC-3FCD1BDD65EC}
		{C3CB67B6-4891-4CEF-A471-0481E61AB380} = {014B771A-F2D1-4108-A1CC-3FCD1BDD65EC}
		{93043660-22D3-4824-A41D-E22E778BFCE3} = {014B771A-F2D1-4108-A1CC-3FCD1BDD65EC}
		{76740207-E7D9-44C9-A2EE-710EDCE62D9C} = {014B771A-F2D1-4108-A1CC-3FCD1BDD65EC}
	EndGlobalSection
EndGlobal
