
Microsoft Visual Studio Solution File, Format Version 12.00
# Visual Studio Version 17
VisualStudioVersion = 17.12.35506.116
MinimumVisualStudioVersion = 10.0.40219.1
Project("{F2A71F9B-5D33-465A-A702-920D77279786}") = "AdventOfCode2024.Day1", "AdventOfCode2024.Day1\AdventOfCode2024.Day1.fsproj", "{AA30CA97-04E1-4005-B7B1-E70D43D9C807}"
EndProject
Project("{F2A71F9B-5D33-465A-A702-920D77279786}") = "AdventOfCode2024.Common", "AdventOfCode2024.Common\AdventOfCode2024.Common.fsproj", "{E02D8084-5764-4D59-810E-DE745D9527EC}"
EndProject
Project("{F2A71F9B-5D33-465A-A702-920D77279786}") = "AdventOfCode2015.Day1", "AdventOfCode2015.Day1\AdventOfCode2015.Day1.fsproj", "{D2F100BB-6719-45BE-A784-4275BAE47AB3}"
EndProject
Project("{2150E333-8FDC-42A3-9474-1A3956D46DE8}") = "F#", "F#", "{95E573AE-2256-48EE-9CC5-2ACF0CDD0611}"
EndProject
Project("{2150E333-8FDC-42A3-9474-1A3956D46DE8}") = "C#", "C#", "{014B771A-F2D1-4108-A1CC-3FCD1BDD65EC}"
EndProject
Project("{FAE04EC0-301F-11D3-BF4B-00C04F79EFBC}") = "AdventOfCode2024.Day02", "AdventOfCode2024.Day02\AdventOfCode2024.Day02.csproj", "{B5A1822B-B107-49B6-AB92-4EB231504DDF}"
EndProject
Project("{FAE04EC0-301F-11D3-BF4B-00C04F79EFBC}") = "AdventOfCode2024.Common.CSharp", "AdventOfCode2024.Common.CSharp\AdventOfCode2024.Common.CSharp.csproj", "{D98E9284-ED65-4700-B0A2-769BECBA6F17}"
EndProject
Project("{FAE04EC0-301F-11D3-BF4B-00C04F79EFBC}") = "AdventOFCode2024.Day01.CSharp", "AdventOFCode2024.Day01.CSharp\AdventOFCode2024.Day01.CSharp.csproj", "{8D6ECD21-2BFA-4C81-9A1A-A99CC30609AD}"
EndProject
Project("{FAE04EC0-301F-11D3-BF4B-00C04F79EFBC}") = "AdventOfCode2024.Day03", "AdventOfCode2024.Day03\AdventOfCode2024.Day03.csproj", "{55B8DE01-3CBA-4156-B2FB-94FC2947E02A}"
EndProject
Global
	GlobalSection(SolutionConfigurationPlatforms) = preSolution
		Debug|Any CPU = Debug|Any CPU
		Release|Any CPU = Release|Any CPU
	EndGlobalSection
	GlobalSection(ProjectConfigurationPlatforms) = postSolution
		{AA30CA97-04E1-4005-B7B1-E70D43D9C807}.Debug|Any CPU.ActiveCfg = Debug|Any CPU
		{AA30CA97-04E1-4005-B7B1-E70D43D9C807}.Debug|Any CPU.Build.0 = Debug|Any CPU
		{AA30CA97-04E1-4005-B7B1-E70D43D9C807}.Release|Any CPU.ActiveCfg = Release|Any CPU
		{AA30CA97-04E1-4005-B7B1-E70D43D9C807}.Release|Any CPU.Build.0 = Release|Any CPU
		{E02D8084-5764-4D59-810E-DE745D9527EC}.Debug|Any CPU.ActiveCfg = Debug|Any CPU
		{E02D8084-5764-4D59-810E-DE745D9527EC}.Debug|Any CPU.Build.0 = Debug|Any CPU
		{E02D8084-5764-4D59-810E-DE745D9527EC}.Release|Any CPU.ActiveCfg = Release|Any CPU
		{E02D8084-5764-4D59-810E-DE745D9527EC}.Release|Any CPU.Build.0 = Release|Any CPU
		{D2F100BB-6719-45BE-A784-4275BAE47AB3}.Debug|Any CPU.ActiveCfg = Debug|Any CPU
		{D2F100BB-6719-45BE-A784-4275BAE47AB3}.Debug|Any CPU.Build.0 = Debug|Any CPU
		{D2F100BB-6719-45BE-A784-4275BAE47AB3}.Release|Any CPU.ActiveCfg = Release|Any CPU
		{D2F100BB-6719-45BE-A784-4275BAE47AB3}.Release|Any CPU.Build.0 = Release|Any CPU
		{B5A1822B-B107-49B6-AB92-4EB231504DDF}.Debug|Any CPU.ActiveCfg = Debug|Any CPU
		{B5A1822B-B107-49B6-AB92-4EB231504DDF}.Debug|Any CPU.Build.0 = Debug|Any CPU
		{B5A1822B-B107-49B6-AB92-4EB231504DDF}.Release|Any CPU.ActiveCfg = Release|Any CPU
		{B5A1822B-B107-49B6-AB92-4EB231504DDF}.Release|Any CPU.Build.0 = Release|Any CPU
		{D98E9284-ED65-4700-B0A2-769BECBA6F17}.Debug|Any CPU.ActiveCfg = Debug|Any CPU
		{D98E9284-ED65-4700-B0A2-769BECBA6F17}.Debug|Any CPU.Build.0 = Debug|Any CPU
		{D98E9284-ED65-4700-B0A2-769BECBA6F17}.Release|Any CPU.ActiveCfg = Release|Any CPU
		{D98E9284-ED65-4700-B0A2-769BECBA6F17}.Release|Any CPU.Build.0 = Release|Any CPU
		{8D6ECD21-2BFA-4C81-9A1A-A99CC30609AD}.Debug|Any CPU.ActiveCfg = Debug|Any CPU
		{8D6ECD21-2BFA-4C81-9A1A-A99CC30609AD}.Debug|Any CPU.Build.0 = Debug|Any CPU
		{8D6ECD21-2BFA-4C81-9A1A-A99CC30609AD}.Release|Any CPU.ActiveCfg = Release|Any CPU
		{8D6ECD21-2BFA-4C81-9A1A-A99CC30609AD}.Release|Any CPU.Build.0 = Release|Any CPU
		{55B8DE01-3CBA-4156-B2FB-94FC2947E02A}.Debug|Any CPU.ActiveCfg = Debug|Any CPU
		{55B8DE01-3CBA-4156-B2FB-94FC2947E02A}.Debug|Any CPU.Build.0 = Debug|Any CPU
		{55B8DE01-3CBA-4156-B2FB-94FC2947E02A}.Release|Any CPU.ActiveCfg = Release|Any CPU
		{55B8DE01-3CBA-4156-B2FB-94FC2947E02A}.Release|Any CPU.Build.0 = Release|Any CPU
	EndGlobalSection
	GlobalSection(SolutionProperties) = preSolution
		HideSolutionNode = FALSE
	EndGlobalSection
	GlobalSection(NestedProjects) = preSolution
		{AA30CA97-04E1-4005-B7B1-E70D43D9C807} = {95E573AE-2256-48EE-9CC5-2ACF0CDD0611}
		{E02D8084-5764-4D59-810E-DE745D9527EC} = {95E573AE-2256-48EE-9CC5-2ACF0CDD0611}
		{D2F100BB-6719-45BE-A784-4275BAE47AB3} = {95E573AE-2256-48EE-9CC5-2ACF0CDD0611}
		{B5A1822B-B107-49B6-AB92-4EB231504DDF} = {014B771A-F2D1-4108-A1CC-3FCD1BDD65EC}
		{D98E9284-ED65-4700-B0A2-769BECBA6F17} = {014B771A-F2D1-4108-A1CC-3FCD1BDD65EC}
		{8D6ECD21-2BFA-4C81-9A1A-A99CC30609AD} = {014B771A-F2D1-4108-A1CC-3FCD1BDD65EC}
		{55B8DE01-3CBA-4156-B2FB-94FC2947E02A} = {014B771A-F2D1-4108-A1CC-3FCD1BDD65EC}
	EndGlobalSection
EndGlobal
